
Microsoft Visual Studio Solution File, Format Version 12.00
# Visual Studio Version 17
VisualStudioVersion = 17.3.32819.101
MinimumVisualStudioVersion = 10.0.40219.1
Project("{FAE04EC0-301F-11D3-BF4B-00C04F79EFBC}") = "xadrez-console", "xadrez-console\xadrez-console.csproj", "{6E8C383A-8CD7-498C-B943-80D78F2659DE}"
EndProject
Global
	GlobalSection(SolutionConfigurationPlatforms) = preSolution
		Debug|Any CPU = Debug|Any CPU
		Release|Any CPU = Release|Any CPU
	EndGlobalSection
	GlobalSection(ProjectConfigurationPlatforms) = postSolution
		{6E8C383A-8CD7-498C-B943-80D78F2659DE}.Debug|Any CPU.ActiveCfg = Debug|Any CPU
		{6E8C383A-8CD7-498C-B943-80D78F2659DE}.Debug|Any CPU.Build.0 = Debug|Any CPU
		{6E8C383A-8CD7-498C-B943-80D78F2659DE}.Release|Any CPU.ActiveCfg = Release|Any CPU
		{6E8C383A-8CD7-498C-B943-80D78F2659DE}.Release|Any CPU.Build.0 = Release|Any CPU
	EndGlobalSection
	GlobalSection(SolutionProperties) = preSolution
		HideSolutionNode = FALSE
	EndGlobalSection
	GlobalSection(ExtensibilityGlobals) = postSolution
		SolutionGuid = {EC6CC621-CDE8-41B4-B91C-168825B94E96}
	EndGlobalSection
EndGlobal
